// !$*UTF8*$!
{
	archiveVersion = 1;
	classes = {
	};
	objectVersion = 77;
	objects = {

/* Begin PBXContainerItemProxy section */
		8A4D13FC2CE2CAB1002BD11A /* PBXContainerItemProxy */ = {
			isa = PBXContainerItemProxy;
			containerPortal = 8A4D13E22CE2CAAF002BD11A /* Project object */;
			proxyType = 1;
			remoteGlobalIDString = 8A4D13E92CE2CAAF002BD11A;
			remoteInfo = onnxLLM;
		};
		8A4D14062CE2CAB1002BD11A /* PBXContainerItemProxy */ = {
			isa = PBXContainerItemProxy;
			containerPortal = 8A4D13E22CE2CAAF002BD11A /* Project object */;
			proxyType = 1;
			remoteGlobalIDString = 8A4D13E92CE2CAAF002BD11A;
			remoteInfo = onnxLLM;
		};
/* End PBXContainerItemProxy section */

/* Begin PBXFileReference section */
		8A4D13EA2CE2CAAF002BD11A /* onnxLLM.app */ = {isa = PBXFileReference; explicitFileType = wrapper.application; includeInIndex = 0; path = onnxLLM.app; sourceTree = BUILT_PRODUCTS_DIR; };
		8A4D13FB2CE2CAB1002BD11A /* onnxLLMTests.xctest */ = {isa = PBXFileReference; explicitFileType = wrapper.cfbundle; includeInIndex = 0; path = onnxLLMTests.xctest; sourceTree = BUILT_PRODUCTS_DIR; };
		8A4D14052CE2CAB1002BD11A /* onnxLLMUITests.xctest */ = {isa = PBXFileReference; explicitFileType = wrapper.cfbundle; includeInIndex = 0; path = onnxLLMUITests.xctest; sourceTree = BUILT_PRODUCTS_DIR; };
/* End PBXFileReference section */

/* Begin PBXFileSystemSynchronizedRootGroup section */
		8A4D13EC2CE2CAAF002BD11A /* onnxLLM */ = {
			isa = PBXFileSystemSynchronizedRootGroup;
			path = onnxLLM;
			sourceTree = "<group>";
		};
		8A4D13FE2CE2CAB1002BD11A /* onnxLLMTests */ = {
			isa = PBXFileSystemSynchronizedRootGroup;
			path = onnxLLMTests;
			sourceTree = "<group>";
		};
		8A4D14082CE2CAB1002BD11A /* onnxLLMUITests */ = {
			isa = PBXFileSystemSynchronizedRootGroup;
			path = onnxLLMUITests;
			sourceTree = "<group>";
		};
/* End PBXFileSystemSynchronizedRootGroup section */

/* Begin PBXFrameworksBuildPhase section */
		8A4D13E72CE2CAAF002BD11A /* Frameworks */ = {
			isa = PBXFrameworksBuildPhase;
			buildActionMask = 2147483647;
			files = (
			);
			runOnlyForDeploymentPostprocessing = 0;
		};
		8A4D13F82CE2CAB1002BD11A /* Frameworks */ = {
			isa = PBXFrameworksBuildPhase;
			buildActionMask = 2147483647;
			files = (
			);
			runOnlyForDeploymentPostprocessing = 0;
		};
		8A4D14022CE2CAB1002BD11A /* Frameworks */ = {
			isa = PBXFrameworksBuildPhase;
			buildActionMask = 2147483647;
			files = (
			);
			runOnlyForDeploymentPostprocessing = 0;
		};
/* End PBXFrameworksBuildPhase section */

/* Begin PBXGroup section */
		8A4D13E12CE2CAAF002BD11A = {
			isa = PBXGroup;
			children = (
				8A4D13EC2CE2CAAF002BD11A /* onnxLLM */,
				8A4D13FE2CE2CAB1002BD11A /* onnxLLMTests */,
				8A4D14082CE2CAB1002BD11A /* onnxLLMUITests */,
				8A4D13EB2CE2CAAF002BD11A /* Products */,
			);
			sourceTree = "<group>";
		};
		8A4D13EB2CE2CAAF002BD11A /* Products */ = {
			isa = PBXGroup;
			children = (
				8A4D13EA2CE2CAAF002BD11A /* onnxLLM.app */,
				8A4D13FB2CE2CAB1002BD11A /* onnxLLMTests.xctest */,
				8A4D14052CE2CAB1002BD11A /* onnxLLMUITests.xctest */,
			);
			name = Products;
			sourceTree = "<group>";
		};
/* End PBXGroup section */

/* Begin PBXNativeTarget section */
		8A4D13E92CE2CAAF002BD11A /* onnxLLM */ = {
			isa = PBXNativeTarget;
			buildConfigurationList = 8A4D140F2CE2CAB1002BD11A /* Build configuration list for PBXNativeTarget "onnxLLM" */;
			buildPhases = (
				8A4D13E62CE2CAAF002BD11A /* Sources */,
				8A4D13E72CE2CAAF002BD11A /* Frameworks */,
				8A4D13E82CE2CAAF002BD11A /* Resources */,
			);
			buildRules = (
			);
			dependencies = (
			);
			fileSystemSynchronizedGroups = (
				8A4D13EC2CE2CAAF002BD11A /* onnxLLM */,
			);
			name = onnxLLM;
			packageProductDependencies = (
			);
			productName = onnxLLM;
			productReference = 8A4D13EA2CE2CAAF002BD11A /* onnxLLM.app */;
			productType = "com.apple.product-type.application";
		};
		8A4D13FA2CE2CAB1002BD11A /* onnxLLMTests */ = {
			isa = PBXNativeTarget;
			buildConfigurationList = 8A4D14122CE2CAB1002BD11A /* Build configuration list for PBXNativeTarget "onnxLLMTests" */;
			buildPhases = (
				8A4D13F72CE2CAB1002BD11A /* Sources */,
				8A4D13F82CE2CAB1002BD11A /* Frameworks */,
				8A4D13F92CE2CAB1002BD11A /* Resources */,
			);
			buildRules = (
			);
			dependencies = (
				8A4D13FD2CE2CAB1002BD11A /* PBXTargetDependency */,
			);
			fileSystemSynchronizedGroups = (
				8A4D13FE2CE2CAB1002BD11A /* onnxLLMTests */,
			);
			name = onnxLLMTests;
			packageProductDependencies = (
			);
			productName = onnxLLMTests;
			productReference = 8A4D13FB2CE2CAB1002BD11A /* onnxLLMTests.xctest */;
			productType = "com.apple.product-type.bundle.unit-test";
		};
		8A4D14042CE2CAB1002BD11A /* onnxLLMUITests */ = {
			isa = PBXNativeTarget;
			buildConfigurationList = 8A4D14152CE2CAB1002BD11A /* Build configuration list for PBXNativeTarget "onnxLLMUITests" */;
			buildPhases = (
				8A4D14012CE2CAB1002BD11A /* Sources */,
				8A4D14022CE2CAB1002BD11A /* Frameworks */,
				8A4D14032CE2CAB1002BD11A /* Resources */,
			);
			buildRules = (
			);
			dependencies = (
				8A4D14072CE2CAB1002BD11A /* PBXTargetDependency */,
			);
			fileSystemSynchronizedGroups = (
				8A4D14082CE2CAB1002BD11A /* onnxLLMUITests */,
			);
			name = onnxLLMUITests;
			packageProductDependencies = (
			);
			productName = onnxLLMUITests;
			productReference = 8A4D14052CE2CAB1002BD11A /* onnxLLMUITests.xctest */;
			productType = "com.apple.product-type.bundle.ui-testing";
		};
/* End PBXNativeTarget section */

/* Begin PBXProject section */
		8A4D13E22CE2CAAF002BD11A /* Project object */ = {
			isa = PBXProject;
			attributes = {
				BuildIndependentTargetsInParallel = 1;
				LastSwiftUpdateCheck = 1600;
				LastUpgradeCheck = 1600;
				TargetAttributes = {
					8A4D13E92CE2CAAF002BD11A = {
						CreatedOnToolsVersion = 16.0;
					};
					8A4D13FA2CE2CAB1002BD11A = {
						CreatedOnToolsVersion = 16.0;
						TestTargetID = 8A4D13E92CE2CAAF002BD11A;
					};
					8A4D14042CE2CAB1002BD11A = {
						CreatedOnToolsVersion = 16.0;
						TestTargetID = 8A4D13E92CE2CAAF002BD11A;
					};
				};
			};
			buildConfigurationList = 8A4D13E52CE2CAAF002BD11A /* Build configuration list for PBXProject "onnxLLM" */;
			developmentRegion = en;
			hasScannedForEncodings = 0;
			knownRegions = (
				en,
				Base,
			);
			mainGroup = 8A4D13E12CE2CAAF002BD11A;
			minimizedProjectReferenceProxies = 1;
			preferredProjectObjectVersion = 77;
			productRefGroup = 8A4D13EB2CE2CAAF002BD11A /* Products */;
			projectDirPath = "";
			projectRoot = "";
			targets = (
				8A4D13E92CE2CAAF002BD11A /* onnxLLM */,
				8A4D13FA2CE2CAB1002BD11A /* onnxLLMTests */,
				8A4D14042CE2CAB1002BD11A /* onnxLLMUITests */,
			);
		};
/* End PBXProject section */

/* Begin PBXResourcesBuildPhase section */
		8A4D13E82CE2CAAF002BD11A /* Resources */ = {
			isa = PBXResourcesBuildPhase;
			buildActionMask = 2147483647;
			files = (
			);
			runOnlyForDeploymentPostprocessing = 0;
		};
		8A4D13F92CE2CAB1002BD11A /* Resources */ = {
			isa = PBXResourcesBuildPhase;
			buildActionMask = 2147483647;
			files = (
			);
			runOnlyForDeploymentPostprocessing = 0;
		};
		8A4D14032CE2CAB1002BD11A /* Resources */ = {
			isa = PBXResourcesBuildPhase;
			buildActionMask = 2147483647;
			files = (
			);
			runOnlyForDeploymentPostprocessing = 0;
		};
/* End PBXResourcesBuildPhase section */

/* Begin PBXSourcesBuildPhase section */
		8A4D13E62CE2CAAF002BD11A /* Sources */ = {
			isa = PBXSourcesBuildPhase;
			buildActionMask = 2147483647;
			files = (
			);
			runOnlyForDeploymentPostprocessing = 0;
		};
		8A4D13F72CE2CAB1002BD11A /* Sources */ = {
			isa = PBXSourcesBuildPhase;
			buildActionMask = 2147483647;
			files = (
			);
			runOnlyForDeploymentPostprocessing = 0;
		};
		8A4D14012CE2CAB1002BD11A /* Sources */ = {
			isa = PBXSourcesBuildPhase;
			buildActionMask = 2147483647;
			files = (
			);
			runOnlyForDeploymentPostprocessing = 0;
		};
/* End PBXSourcesBuildPhase section */

/* Begin PBXTargetDependency section */
		8A4D13FD2CE2CAB1002BD11A /* PBXTargetDependency */ = {
			isa = PBXTargetDependency;
			target = 8A4D13E92CE2CAAF002BD11A /* onnxLLM */;
			targetProxy = 8A4D13FC2CE2CAB1002BD11A /* PBXContainerItemProxy */;
		};
		8A4D14072CE2CAB1002BD11A /* PBXTargetDependency */ = {
			isa = PBXTargetDependency;
			target = 8A4D13E92CE2CAAF002BD11A /* onnxLLM */;
			targetProxy = 8A4D14062CE2CAB1002BD11A /* PBXContainerItemProxy */;
		};
/* End PBXTargetDependency section */

/* Begin XCBuildConfiguration section */
		8A4D140D2CE2CAB1002BD11A /* Debug */ = {
			isa = XCBuildConfiguration;
			buildSettings = {
				ALWAYS_SEARCH_USER_PATHS = NO;
				ASSETCATALOG_COMPILER_GENERATE_SWIFT_ASSET_SYMBOL_EXTENSIONS = YES;
				CLANG_ANALYZER_NONNULL = YES;
				CLANG_ANALYZER_NUMBER_OBJECT_CONVERSION = YES_AGGRESSIVE;
				CLANG_CXX_LANGUAGE_STANDARD = "gnu++20";
				CLANG_ENABLE_MODULES = YES;
				CLANG_ENABLE_OBJC_ARC = YES;
				CLANG_ENABLE_OBJC_WEAK = YES;
				CLANG_WARN_BLOCK_CAPTURE_AUTORELEASING = YES;
				CLANG_WARN_BOOL_CONVERSION = YES;
				CLANG_WARN_COMMA = YES;
				CLANG_WARN_CONSTANT_CONVERSION = YES;
				CLANG_WARN_DEPRECATED_OBJC_IMPLEMENTATIONS = YES;
				CLANG_WARN_DIRECT_OBJC_ISA_USAGE = YES_ERROR;
				CLANG_WARN_DOCUMENTATION_COMMENTS = YES;
				CLANG_WARN_EMPTY_BODY = YES;
				CLANG_WARN_ENUM_CONVERSION = YES;
				CLANG_WARN_INFINITE_RECURSION = YES;
				CLANG_WARN_INT_CONVERSION = YES;
				CLANG_WARN_NON_LITERAL_NULL_CONVERSION = YES;
				CLANG_WARN_OBJC_IMPLICIT_RETAIN_SELF = YES;
				CLANG_WARN_OBJC_LITERAL_CONVERSION = YES;
				CLANG_WARN_OBJC_ROOT_CLASS = YES_ERROR;
				CLANG_WARN_QUOTED_INCLUDE_IN_FRAMEWORK_HEADER = YES;
				CLANG_WARN_RANGE_LOOP_ANALYSIS = YES;
				CLANG_WARN_STRICT_PROTOTYPES = YES;
				CLANG_WARN_SUSPICIOUS_MOVE = YES;
				CLANG_WARN_UNGUARDED_AVAILABILITY = YES_AGGRESSIVE;
				CLANG_WARN_UNREACHABLE_CODE = YES;
				CLANG_WARN__DUPLICATE_METHOD_MATCH = YES;
				COPY_PHASE_STRIP = NO;
				DEBUG_INFORMATION_FORMAT = dwarf;
				ENABLE_STRICT_OBJC_MSGSEND = YES;
				ENABLE_TESTABILITY = YES;
				ENABLE_USER_SCRIPT_SANDBOXING = YES;
				GCC_C_LANGUAGE_STANDARD = gnu17;
				GCC_DYNAMIC_NO_PIC = NO;
				GCC_NO_COMMON_BLOCKS = YES;
				GCC_OPTIMIZATION_LEVEL = 0;
				GCC_PREPROCESSOR_DEFINITIONS = (
					"DEBUG=1",
					"$(inherited)",
				);
				GCC_WARN_64_TO_32_BIT_CONVERSION = YES;
				GCC_WARN_ABOUT_RETURN_TYPE = YES_ERROR;
				GCC_WARN_UNDECLARED_SELECTOR = YES;
				GCC_WARN_UNINITIALIZED_AUTOS = YES_AGGRESSIVE;
				GCC_WARN_UNUSED_FUNCTION = YES;
				GCC_WARN_UNUSED_VARIABLE = YES;
				LOCALIZATION_PREFERS_STRING_CATALOGS = YES;
				MACOSX_DEPLOYMENT_TARGET = 15.0;
				MTL_ENABLE_DEBUG_INFO = INCLUDE_SOURCE;
				MTL_FAST_MATH = YES;
				ONLY_ACTIVE_ARCH = YES;
				SDKROOT = macosx;
				SWIFT_ACTIVE_COMPILATION_CONDITIONS = "DEBUG $(inherited)";
				SWIFT_OPTIMIZATION_LEVEL = "-Onone";
			};
			name = Debug;
		};
		8A4D140E2CE2CAB1002BD11A /* Release */ = {
			isa = XCBuildConfiguration;
			buildSettings = {
				ALWAYS_SEARCH_USER_PATHS = NO;
				ASSETCATALOG_COMPILER_GENERATE_SWIFT_ASSET_SYMBOL_EXTENSIONS = YES;
				CLANG_ANALYZER_NONNULL = YES;
				CLANG_ANALYZER_NUMBER_OBJECT_CONVERSION = YES_AGGRESSIVE;
				CLANG_CXX_LANGUAGE_STANDARD = "gnu++20";
				CLANG_ENABLE_MODULES = YES;
				CLANG_ENABLE_OBJC_ARC = YES;
				CLANG_ENABLE_OBJC_WEAK = YES;
				CLANG_WARN_BLOCK_CAPTURE_AUTORELEASING = YES;
				CLANG_WARN_BOOL_CONVERSION = YES;
				CLANG_WARN_COMMA = YES;
				CLANG_WARN_CONSTANT_CONVERSION = YES;
				CLANG_WARN_DEPRECATED_OBJC_IMPLEMENTATIONS = YES;
				CLANG_WARN_DIRECT_OBJC_ISA_USAGE = YES_ERROR;
				CLANG_WARN_DOCUMENTATION_COMMENTS = YES;
				CLANG_WARN_EMPTY_BODY = YES;
				CLANG_WARN_ENUM_CONVERSION = YES;
				CLANG_WARN_INFINITE_RECURSION = YES;
				CLANG_WARN_INT_CONVERSION = YES;
				CLANG_WARN_NON_LITERAL_NULL_CONVERSION = YES;
				CLANG_WARN_OBJC_IMPLICIT_RETAIN_SELF = YES;
				CLANG_WARN_OBJC_LITERAL_CONVERSION = YES;
				CLANG_WARN_OBJC_ROOT_CLASS = YES_ERROR;
				CLANG_WARN_QUOTED_INCLUDE_IN_FRAMEWORK_HEADER = YES;
				CLANG_WARN_RANGE_LOOP_ANALYSIS = YES;
				CLANG_WARN_STRICT_PROTOTYPES = YES;
				CLANG_WARN_SUSPICIOUS_MOVE = YES;
				CLANG_WARN_UNGUARDED_AVAILABILITY = YES_AGGRESSIVE;
				CLANG_WARN_UNREACHABLE_CODE = YES;
				CLANG_WARN__DUPLICATE_METHOD_MATCH = YES;
				COPY_PHASE_STRIP = NO;
				DEBUG_INFORMATION_FORMAT = "dwarf-with-dsym";
				ENABLE_NS_ASSERTIONS = NO;
				ENABLE_STRICT_OBJC_MSGSEND = YES;
				ENABLE_USER_SCRIPT_SANDBOXING = YES;
				GCC_C_LANGUAGE_STANDARD = gnu17;
				GCC_NO_COMMON_BLOCKS = YES;
				GCC_WARN_64_TO_32_BIT_CONVERSION = YES;
				GCC_WARN_ABOUT_RETURN_TYPE = YES_ERROR;
				GCC_WARN_UNDECLARED_SELECTOR = YES;
				GCC_WARN_UNINITIALIZED_AUTOS = YES_AGGRESSIVE;
				GCC_WARN_UNUSED_FUNCTION = YES;
				GCC_WARN_UNUSED_VARIABLE = YES;
				LOCALIZATION_PREFERS_STRING_CATALOGS = YES;
				MACOSX_DEPLOYMENT_TARGET = 15.0;
				MTL_ENABLE_DEBUG_INFO = NO;
				MTL_FAST_MATH = YES;
				SDKROOT = macosx;
				SWIFT_COMPILATION_MODE = wholemodule;
			};
			name = Release;
		};
		8A4D14102CE2CAB1002BD11A /* Debug */ = {
			isa = XCBuildConfiguration;
			buildSettings = {
				ASSETCATALOG_COMPILER_APPICON_NAME = AppIcon;
				ASSETCATALOG_COMPILER_GLOBAL_ACCENT_COLOR_NAME = AccentColor;
				CODE_SIGN_ENTITLEMENTS = onnxLLM/onnxLLM.entitlements;
				CODE_SIGN_STYLE = Automatic;
				COMBINE_HIDPI_IMAGES = YES;
				CURRENT_PROJECT_VERSION = 1;
				DEVELOPMENT_ASSET_PATHS = "\"onnxLLM/Preview Content\"";
				ENABLE_PREVIEWS = YES;
				GENERATE_INFOPLIST_FILE = YES;
				INFOPLIST_KEY_NSHumanReadableCopyright = "";
				LD_RUNPATH_SEARCH_PATHS = (
					"$(inherited)",
					"@executable_path/../Frameworks",
				);
				MARKETING_VERSION = 1.0;
				PRODUCT_BUNDLE_IDENTIFIER = vraspar.onnxLLM;
				PRODUCT_NAME = "$(TARGET_NAME)";
				SWIFT_EMIT_LOC_STRINGS = YES;
				SWIFT_VERSION = 5.0;
			};
			name = Debug;
		};
		8A4D14112CE2CAB1002BD11A /* Release */ = {
			isa = XCBuildConfiguration;
			buildSettings = {
				ASSETCATALOG_COMPILER_APPICON_NAME = AppIcon;
				ASSETCATALOG_COMPILER_GLOBAL_ACCENT_COLOR_NAME = AccentColor;
				CODE_SIGN_ENTITLEMENTS = onnxLLM/onnxLLM.entitlements;
				CODE_SIGN_STYLE = Automatic;
				COMBINE_HIDPI_IMAGES = YES;
				CURRENT_PROJECT_VERSION = 1;
				DEVELOPMENT_ASSET_PATHS = "\"onnxLLM/Preview Content\"";
				ENABLE_PREVIEWS = YES;
				GENERATE_INFOPLIST_FILE = YES;
				INFOPLIST_KEY_NSHumanReadableCopyright = "";
				LD_RUNPATH_SEARCH_PATHS = (
					"$(inherited)",
					"@executable_path/../Frameworks",
				);
				MARKETING_VERSION = 1.0;
				PRODUCT_BUNDLE_IDENTIFIER = vraspar.onnxLLM;
				PRODUCT_NAME = "$(TARGET_NAME)";
				SWIFT_EMIT_LOC_STRINGS = YES;
				SWIFT_VERSION = 5.0;
			};
			name = Release;
		};
		8A4D14132CE2CAB1002BD11A /* Debug */ = {
			isa = XCBuildConfiguration;
			buildSettings = {
				BUNDLE_LOADER = "$(TEST_HOST)";
				CODE_SIGN_STYLE = Automatic;
				CURRENT_PROJECT_VERSION = 1;
				GENERATE_INFOPLIST_FILE = YES;
				MACOSX_DEPLOYMENT_TARGET = 15.0;
				MARKETING_VERSION = 1.0;
				PRODUCT_BUNDLE_IDENTIFIER = vraspar.onnxLLMTests;
				PRODUCT_NAME = "$(TARGET_NAME)";
				SWIFT_EMIT_LOC_STRINGS = NO;
				SWIFT_VERSION = 5.0;
				TEST_HOST = "$(BUILT_PRODUCTS_DIR)/onnxLLM.app/$(BUNDLE_EXECUTABLE_FOLDER_PATH)/onnxLLM";
			};
			name = Debug;
		};
		8A4D14142CE2CAB1002BD11A /* Release */ = {
			isa = XCBuildConfiguration;
			buildSettings = {
				BUNDLE_LOADER = "$(TEST_HOST)";
				CODE_SIGN_STYLE = Automatic;
				CURRENT_PROJECT_VERSION = 1;
				GENERATE_INFOPLIST_FILE = YES;
				MACOSX_DEPLOYMENT_TARGET = 15.0;
				MARKETING_VERSION = 1.0;
				PRODUCT_BUNDLE_IDENTIFIER = vraspar.onnxLLMTests;
				PRODUCT_NAME = "$(TARGET_NAME)";
				SWIFT_EMIT_LOC_STRINGS = NO;
				SWIFT_VERSION = 5.0;
				TEST_HOST = "$(BUILT_PRODUCTS_DIR)/onnxLLM.app/$(BUNDLE_EXECUTABLE_FOLDER_PATH)/onnxLLM";
			};
			name = Release;
		};
		8A4D14162CE2CAB1002BD11A /* Debug */ = {
			isa = XCBuildConfiguration;
			buildSettings = {
				CODE_SIGN_STYLE = Automatic;
				CURRENT_PROJECT_VERSION = 1;
				GENERATE_INFOPLIST_FILE = YES;
				MARKETING_VERSION = 1.0;
				PRODUCT_BUNDLE_IDENTIFIER = vraspar.onnxLLMUITests;
				PRODUCT_NAME = "$(TARGET_NAME)";
				SWIFT_EMIT_LOC_STRINGS = NO;
				SWIFT_VERSION = 5.0;
				TEST_TARGET_NAME = onnxLLM;
			};
			name = Debug;
		};
		8A4D14172CE2CAB1002BD11A /* Release */ = {
			isa = XCBuildConfiguration;
			buildSettings = {
				CODE_SIGN_STYLE = Automatic;
				CURRENT_PROJECT_VERSION = 1;
				GENERATE_INFOPLIST_FILE = YES;
				MARKETING_VERSION = 1.0;
				PRODUCT_BUNDLE_IDENTIFIER = vraspar.onnxLLMUITests;
				PRODUCT_NAME = "$(TARGET_NAME)";
				SWIFT_EMIT_LOC_STRINGS = NO;
				SWIFT_VERSION = 5.0;
				TEST_TARGET_NAME = onnxLLM;
			};
			name = Release;
		};
/* End XCBuildConfiguration section */

/* Begin XCConfigurationList section */
		8A4D13E52CE2CAAF002BD11A /* Build configuration list for PBXProject "onnxLLM" */ = {
			isa = XCConfigurationList;
			buildConfigurations = (
				8A4D140D2CE2CAB1002BD11A /* Debug */,
				8A4D140E2CE2CAB1002BD11A /* Release */,
			);
			defaultConfigurationIsVisible = 0;
			defaultConfigurationName = Release;
		};
		8A4D140F2CE2CAB1002BD11A /* Build configuration list for PBXNativeTarget "onnxLLM" */ = {
			isa = XCConfigurationList;
			buildConfigurations = (
				8A4D14102CE2CAB1002BD11A /* Debug */,
				8A4D14112CE2CAB1002BD11A /* Release */,
			);
			defaultConfigurationIsVisible = 0;
			defaultConfigurationName = Release;
		};
		8A4D14122CE2CAB1002BD11A /* Build configuration list for PBXNativeTarget "onnxLLMTests" */ = {
			isa = XCConfigurationList;
			buildConfigurations = (
				8A4D14132CE2CAB1002BD11A /* Debug */,
				8A4D14142CE2CAB1002BD11A /* Release */,
			);
			defaultConfigurationIsVisible = 0;
			defaultConfigurationName = Release;
		};
		8A4D14152CE2CAB1002BD11A /* Build configuration list for PBXNativeTarget "onnxLLMUITests" */ = {
			isa = XCConfigurationList;
			buildConfigurations = (
				8A4D14162CE2CAB1002BD11A /* Debug */,
				8A4D14172CE2CAB1002BD11A /* Release */,
			);
			defaultConfigurationIsVisible = 0;
			defaultConfigurationName = Release;
		};
/* End XCConfigurationList section */
	};
	rootObject = 8A4D13E22CE2CAAF002BD11A /* Project object */;
}
